
Microsoft Visual Studio Solution File, Format Version 12.00
# Visual Studio Version 16
VisualStudioVersion = 16.0.31321.278
MinimumVisualStudioVersion = 10.0.40219.1
Project("{9A19103F-16F7-4668-BE54-9A1E7A4F7556}") = "ActionCopy", "ActionCopy\ActionCopy.csproj", "{E0798078-0012-4F69-A900-72CE0B757FF1}"
EndProject
Project("{9A19103F-16F7-4668-BE54-9A1E7A4F7556}") = "VoidNetworking", "VoidNetworking\VoidNetworking.csproj", "{8DC9CBDD-4C70-4CEA-B2A7-B6BE01F2702E}"
EndProject
Global
	GlobalSection(SolutionConfigurationPlatforms) = preSolution
		Debug|Any CPU = Debug|Any CPU
		Release|Any CPU = Release|Any CPU
	EndGlobalSection
	GlobalSection(ProjectConfigurationPlatforms) = postSolution
		{E0798078-0012-4F69-A900-72CE0B757FF1}.Debug|Any CPU.ActiveCfg = Debug|Any CPU
		{E0798078-0012-4F69-A900-72CE0B757FF1}.Debug|Any CPU.Build.0 = Debug|Any CPU
		{E0798078-0012-4F69-A900-72CE0B757FF1}.Release|Any CPU.ActiveCfg = Release|Any CPU
		{E0798078-0012-4F69-A900-72CE0B757FF1}.Release|Any CPU.Build.0 = Release|Any CPU
		{8DC9CBDD-4C70-4CEA-B2A7-B6BE01F2702E}.Debug|Any CPU.ActiveCfg = Debug|Any CPU
		{8DC9CBDD-4C70-4CEA-B2A7-B6BE01F2702E}.Debug|Any CPU.Build.0 = Debug|Any CPU
		{8DC9CBDD-4C70-4CEA-B2A7-B6BE01F2702E}.Release|Any CPU.ActiveCfg = Release|Any CPU
		{8DC9CBDD-4C70-4CEA-B2A7-B6BE01F2702E}.Release|Any CPU.Build.0 = Release|Any CPU
	EndGlobalSection
	GlobalSection(SolutionProperties) = preSolution
		HideSolutionNode = FALSE
	EndGlobalSection
	GlobalSection(ExtensibilityGlobals) = postSolution
		SolutionGuid = {33B8CD50-0F8B-4CD4-B6A5-D12EA6DA4B1A}
	EndGlobalSection
EndGlobal
